
Microsoft Visual Studio Solution File, Format Version 12.00
# Visual Studio 15
VisualStudioVersion = 15.0.28307.438
MinimumVisualStudioVersion = 10.0.40219.1
Project("{FAE04EC0-301F-11D3-BF4B-00C04F79EFBC}") = "OmegaInc.KOE.Web", "OmegaInc.KOE.Web\OmegaInc.KOE.Web.csproj", "{D2FCA092-351E-4B0B-A9DB-6D3BBC55AC38}"
EndProject
Project("{D954291E-2A0B-460D-934E-DC6B0785DB48}") = "OmegaInc.KOE.Repositories", "OmegaInc.KOE.Repositories\OmegaInc.KOE.Repositories.shproj", "{BB26B330-B89F-4163-844B-EF964AB28179}"
EndProject
Global
	GlobalSection(SharedMSBuildProjectFiles) = preSolution
		OmegaInc.KOE.Repositories\OmegaInc.KOE.Repositories.projitems*{bb26b330-b89f-4163-844b-ef964ab28179}*SharedItemsImports = 13
	EndGlobalSection
	GlobalSection(SolutionConfigurationPlatforms) = preSolution
		Debug|Any CPU = Debug|Any CPU
		Release|Any CPU = Release|Any CPU
	EndGlobalSection
	GlobalSection(ProjectConfigurationPlatforms) = postSolution
		{D2FCA092-351E-4B0B-A9DB-6D3BBC55AC38}.Debug|Any CPU.ActiveCfg = Debug|Any CPU
		{D2FCA092-351E-4B0B-A9DB-6D3BBC55AC38}.Debug|Any CPU.Build.0 = Debug|Any CPU
		{D2FCA092-351E-4B0B-A9DB-6D3BBC55AC38}.Release|Any CPU.ActiveCfg = Release|Any CPU
		{D2FCA092-351E-4B0B-A9DB-6D3BBC55AC38}.Release|Any CPU.Build.0 = Release|Any CPU
	EndGlobalSection
	GlobalSection(SolutionProperties) = preSolution
		HideSolutionNode = FALSE
	EndGlobalSection
	GlobalSection(ExtensibilityGlobals) = postSolution
		SolutionGuid = {1DBF8615-8675-4995-AA02-608178775B0E}
	EndGlobalSection
EndGlobal
